
Microsoft Visual Studio Solution File, Format Version 12.00
# Visual Studio 14
VisualStudioVersion = 14.0.25420.1
MinimumVisualStudioVersion = 10.0.40219.1
Project("{FAE04EC0-301F-11D3-BF4B-00C04F79EFBC}") = "OwinWebApiSelfHost", "OwinWebApiSelfHost\OwinWebApiSelfHost.csproj", "{886C1F53-6090-4E3F-A47C-12B7F37007EB}"
EndProject
Project("{FAE04EC0-301F-11D3-BF4B-00C04F79EFBC}") = "OwinWebApiSelfHostTester", "OwinWebApiSelfHostTester\OwinWebApiSelfHostTester.csproj", "{BB241A74-D66B-49AD-81B4-8F2A96BD1053}"
EndProject
Project("{FAE04EC0-301F-11D3-BF4B-00C04F79EFBC}") = "ConsoleVersion", "ConsoleVersion\ConsoleVersion.csproj", "{50C532D4-744D-4804-9CEB-597ECE36A660}"
EndProject
Project("{FAE04EC0-301F-11D3-BF4B-00C04F79EFBC}") = "WebApiOwinSelfHostStarter", "WebApiOwinSelfHostStarter\WebApiOwinSelfHostStarter.csproj", "{03F047BE-C71E-4B48-BCC7-A70E3600383A}"
EndProject
Project("{FAE04EC0-301F-11D3-BF4B-00C04F79EFBC}") = "AbRestApi", "AbRestApi\AbRestApi.csproj", "{3CD4D3B3-18CC-4A04-8E9D-F0C8A178C950}"
EndProject
Project("{FAE04EC0-301F-11D3-BF4B-00C04F79EFBC}") = "AbRestApiStarterApp", "AbRestApiStarterApp\AbRestApiStarterApp.csproj", "{A6E0BF2D-E5EE-4B53-9EF1-A6AC1737BA3F}"
EndProject
Global
	GlobalSection(SolutionConfigurationPlatforms) = preSolution
		Debug|Any CPU = Debug|Any CPU
		Release|Any CPU = Release|Any CPU
	EndGlobalSection
	GlobalSection(ProjectConfigurationPlatforms) = postSolution
		{886C1F53-6090-4E3F-A47C-12B7F37007EB}.Debug|Any CPU.ActiveCfg = Debug|Any CPU
		{886C1F53-6090-4E3F-A47C-12B7F37007EB}.Debug|Any CPU.Build.0 = Debug|Any CPU
		{886C1F53-6090-4E3F-A47C-12B7F37007EB}.Release|Any CPU.ActiveCfg = Release|Any CPU
		{886C1F53-6090-4E3F-A47C-12B7F37007EB}.Release|Any CPU.Build.0 = Release|Any CPU
		{BB241A74-D66B-49AD-81B4-8F2A96BD1053}.Debug|Any CPU.ActiveCfg = Debug|Any CPU
		{BB241A74-D66B-49AD-81B4-8F2A96BD1053}.Debug|Any CPU.Build.0 = Debug|Any CPU
		{BB241A74-D66B-49AD-81B4-8F2A96BD1053}.Release|Any CPU.ActiveCfg = Release|Any CPU
		{BB241A74-D66B-49AD-81B4-8F2A96BD1053}.Release|Any CPU.Build.0 = Release|Any CPU
		{50C532D4-744D-4804-9CEB-597ECE36A660}.Debug|Any CPU.ActiveCfg = Debug|Any CPU
		{50C532D4-744D-4804-9CEB-597ECE36A660}.Debug|Any CPU.Build.0 = Debug|Any CPU
		{50C532D4-744D-4804-9CEB-597ECE36A660}.Release|Any CPU.ActiveCfg = Release|Any CPU
		{50C532D4-744D-4804-9CEB-597ECE36A660}.Release|Any CPU.Build.0 = Release|Any CPU
		{03F047BE-C71E-4B48-BCC7-A70E3600383A}.Debug|Any CPU.ActiveCfg = Debug|Any CPU
		{03F047BE-C71E-4B48-BCC7-A70E3600383A}.Debug|Any CPU.Build.0 = Debug|Any CPU
		{03F047BE-C71E-4B48-BCC7-A70E3600383A}.Release|Any CPU.ActiveCfg = Release|Any CPU
		{03F047BE-C71E-4B48-BCC7-A70E3600383A}.Release|Any CPU.Build.0 = Release|Any CPU
		{3CD4D3B3-18CC-4A04-8E9D-F0C8A178C950}.Debug|Any CPU.ActiveCfg = Debug|Any CPU
		{3CD4D3B3-18CC-4A04-8E9D-F0C8A178C950}.Debug|Any CPU.Build.0 = Debug|Any CPU
		{3CD4D3B3-18CC-4A04-8E9D-F0C8A178C950}.Release|Any CPU.ActiveCfg = Release|Any CPU
		{3CD4D3B3-18CC-4A04-8E9D-F0C8A178C950}.Release|Any CPU.Build.0 = Release|Any CPU
		{A6E0BF2D-E5EE-4B53-9EF1-A6AC1737BA3F}.Debug|Any CPU.ActiveCfg = Debug|Any CPU
		{A6E0BF2D-E5EE-4B53-9EF1-A6AC1737BA3F}.Debug|Any CPU.Build.0 = Debug|Any CPU
		{A6E0BF2D-E5EE-4B53-9EF1-A6AC1737BA3F}.Release|Any CPU.ActiveCfg = Release|Any CPU
		{A6E0BF2D-E5EE-4B53-9EF1-A6AC1737BA3F}.Release|Any CPU.Build.0 = Release|Any CPU
	EndGlobalSection
	GlobalSection(SolutionProperties) = preSolution
		HideSolutionNode = FALSE
	EndGlobalSection
EndGlobal
